// !$*UTF8*$!
{
	archiveVersion = 1;
	classes = {
	};
	objectVersion = 55;
	objects = {

/* Begin PBXBuildFile section */
		0488511E28C644930005F477 /* BaseRouter.swift in Sources */ = {isa = PBXBuildFile; fileRef = 0488511D28C644930005F477 /* BaseRouter.swift */; };
		3679516128C50C8400AD6CBD /* AppDelegate.swift in Sources */ = {isa = PBXBuildFile; fileRef = 3679516028C50C8400AD6CBD /* AppDelegate.swift */; };
		3679516328C50C8400AD6CBD /* SceneDelegate.swift in Sources */ = {isa = PBXBuildFile; fileRef = 3679516228C50C8400AD6CBD /* SceneDelegate.swift */; };
		3679516528C50C8400AD6CBD /* ViewController.swift in Sources */ = {isa = PBXBuildFile; fileRef = 3679516428C50C8400AD6CBD /* ViewController.swift */; };
		3679516828C50C8400AD6CBD /* Main.storyboard in Resources */ = {isa = PBXBuildFile; fileRef = 3679516628C50C8400AD6CBD /* Main.storyboard */; };
		3679516A28C50C8600AD6CBD /* Assets.xcassets in Resources */ = {isa = PBXBuildFile; fileRef = 3679516928C50C8600AD6CBD /* Assets.xcassets */; };
		3679516D28C50C8600AD6CBD /* LaunchScreen.storyboard in Resources */ = {isa = PBXBuildFile; fileRef = 3679516B28C50C8600AD6CBD /* LaunchScreen.storyboard */; };
		3679517828C50E3700AD6CBD /* LoadingScreenViewController.swift in Sources */ = {isa = PBXBuildFile; fileRef = 3679517728C50E3700AD6CBD /* LoadingScreenViewController.swift */; };
		3679517C28C50E7B00AD6CBD /* CommonViewController.swift in Sources */ = {isa = PBXBuildFile; fileRef = 3679517B28C50E7B00AD6CBD /* CommonViewController.swift */; };
		3679517E28C5108C00AD6CBD /* LoadingScreenViewModel.swift in Sources */ = {isa = PBXBuildFile; fileRef = 3679517D28C5108C00AD6CBD /* LoadingScreenViewModel.swift */; };
		3679518028C510A500AD6CBD /* CommonViewModel.swift in Sources */ = {isa = PBXBuildFile; fileRef = 3679517F28C510A500AD6CBD /* CommonViewModel.swift */; };
		3679518228C5133B00AD6CBD /* LoadingScreenInteractor.swift in Sources */ = {isa = PBXBuildFile; fileRef = 3679518128C5133B00AD6CBD /* LoadingScreenInteractor.swift */; };
		3679518428C515C500AD6CBD /* ApplicationDeps.swift in Sources */ = {isa = PBXBuildFile; fileRef = 3679518328C515C500AD6CBD /* ApplicationDeps.swift */; };
/* End PBXBuildFile section */

/* Begin PBXFileReference section */
		0488511D28C644930005F477 /* BaseRouter.swift */ = {isa = PBXFileReference; lastKnownFileType = sourcecode.swift; path = BaseRouter.swift; sourceTree = "<group>"; };
		3679515D28C50C8400AD6CBD /* ValorantStats.app */ = {isa = PBXFileReference; explicitFileType = wrapper.application; includeInIndex = 0; path = ValorantStats.app; sourceTree = BUILT_PRODUCTS_DIR; };
		3679516028C50C8400AD6CBD /* AppDelegate.swift */ = {isa = PBXFileReference; lastKnownFileType = sourcecode.swift; path = AppDelegate.swift; sourceTree = "<group>"; };
		3679516228C50C8400AD6CBD /* SceneDelegate.swift */ = {isa = PBXFileReference; lastKnownFileType = sourcecode.swift; path = SceneDelegate.swift; sourceTree = "<group>"; };
		3679516428C50C8400AD6CBD /* ViewController.swift */ = {isa = PBXFileReference; lastKnownFileType = sourcecode.swift; path = ViewController.swift; sourceTree = "<group>"; };
		3679516728C50C8400AD6CBD /* Base */ = {isa = PBXFileReference; lastKnownFileType = file.storyboard; name = Base; path = Base.lproj/Main.storyboard; sourceTree = "<group>"; };
		3679516928C50C8600AD6CBD /* Assets.xcassets */ = {isa = PBXFileReference; lastKnownFileType = folder.assetcatalog; path = Assets.xcassets; sourceTree = "<group>"; };
		3679516C28C50C8600AD6CBD /* Base */ = {isa = PBXFileReference; lastKnownFileType = file.storyboard; name = Base; path = Base.lproj/LaunchScreen.storyboard; sourceTree = "<group>"; };
		3679516E28C50C8600AD6CBD /* Info.plist */ = {isa = PBXFileReference; lastKnownFileType = text.plist.xml; path = Info.plist; sourceTree = "<group>"; };
		3679517728C50E3700AD6CBD /* LoadingScreenViewController.swift */ = {isa = PBXFileReference; lastKnownFileType = sourcecode.swift; path = LoadingScreenViewController.swift; sourceTree = "<group>"; };
		3679517B28C50E7B00AD6CBD /* CommonViewController.swift */ = {isa = PBXFileReference; lastKnownFileType = sourcecode.swift; path = CommonViewController.swift; sourceTree = "<group>"; };
		3679517D28C5108C00AD6CBD /* LoadingScreenViewModel.swift */ = {isa = PBXFileReference; lastKnownFileType = sourcecode.swift; path = LoadingScreenViewModel.swift; sourceTree = "<group>"; };
		3679517F28C510A500AD6CBD /* CommonViewModel.swift */ = {isa = PBXFileReference; lastKnownFileType = sourcecode.swift; path = CommonViewModel.swift; sourceTree = "<group>"; };
		3679518128C5133B00AD6CBD /* LoadingScreenInteractor.swift */ = {isa = PBXFileReference; lastKnownFileType = sourcecode.swift; path = LoadingScreenInteractor.swift; sourceTree = "<group>"; };
		3679518328C515C500AD6CBD /* ApplicationDeps.swift */ = {isa = PBXFileReference; lastKnownFileType = sourcecode.swift; path = ApplicationDeps.swift; sourceTree = "<group>"; };
/* End PBXFileReference section */

/* Begin PBXFrameworksBuildPhase section */
		3679515A28C50C8400AD6CBD /* Frameworks */ = {
			isa = PBXFrameworksBuildPhase;
			buildActionMask = 2147483647;
			files = (
			);
			runOnlyForDeploymentPostprocessing = 0;
		};
/* End PBXFrameworksBuildPhase section */

/* Begin PBXGroup section */
		3679515428C50C8400AD6CBD = {
			isa = PBXGroup;
			children = (
				3679515F28C50C8400AD6CBD /* ValorantStats */,
				3679515E28C50C8400AD6CBD /* Products */,
			);
			sourceTree = "<group>";
		};
		3679515E28C50C8400AD6CBD /* Products */ = {
			isa = PBXGroup;
			children = (
				3679515D28C50C8400AD6CBD /* ValorantStats.app */,
			);
			name = Products;
			sourceTree = "<group>";
		};
		3679515F28C50C8400AD6CBD /* ValorantStats */ = {
			isa = PBXGroup;
			children = (
				3679517928C50E4800AD6CBD /* Common */,
				3679517528C50DD600AD6CBD /* Presentation */,
				3679517428C50DCC00AD6CBD /* Utility */,
				3679516028C50C8400AD6CBD /* AppDelegate.swift */,
				3679516228C50C8400AD6CBD /* SceneDelegate.swift */,
				3679516428C50C8400AD6CBD /* ViewController.swift */,
				3679516628C50C8400AD6CBD /* Main.storyboard */,
				3679516928C50C8600AD6CBD /* Assets.xcassets */,
				3679516B28C50C8600AD6CBD /* LaunchScreen.storyboard */,
				3679516E28C50C8600AD6CBD /* Info.plist */,
			);
			path = ValorantStats;
			sourceTree = "<group>";
		};
		3679517428C50DCC00AD6CBD /* Utility */ = {
			isa = PBXGroup;
			children = (
				3679518328C515C500AD6CBD /* ApplicationDeps.swift */,
				0488511D28C644930005F477 /* BaseRouter.swift */,
			);
			path = Utility;
			sourceTree = "<group>";
		};
		3679517528C50DD600AD6CBD /* Presentation */ = {
			isa = PBXGroup;
			children = (
				3679517628C50DFD00AD6CBD /* LoadingScreen */,
			);
			path = Presentation;
			sourceTree = "<group>";
		};
		3679517628C50DFD00AD6CBD /* LoadingScreen */ = {
			isa = PBXGroup;
			children = (
				3679517728C50E3700AD6CBD /* LoadingScreenViewController.swift */,
				3679517D28C5108C00AD6CBD /* LoadingScreenViewModel.swift */,
				3679518128C5133B00AD6CBD /* LoadingScreenInteractor.swift */,
			);
			path = LoadingScreen;
			sourceTree = "<group>";
		};
		3679517928C50E4800AD6CBD /* Common */ = {
			isa = PBXGroup;
			children = (
				3679517A28C50E5600AD6CBD /* Controllers */,
			);
			path = Common;
			sourceTree = "<group>";
		};
		3679517A28C50E5600AD6CBD /* Controllers */ = {
			isa = PBXGroup;
			children = (
				3679517B28C50E7B00AD6CBD /* CommonViewController.swift */,
				3679517F28C510A500AD6CBD /* CommonViewModel.swift */,
			);
			path = Controllers;
			sourceTree = "<group>";
		};
/* End PBXGroup section */

/* Begin PBXNativeTarget section */
		3679515C28C50C8400AD6CBD /* ValorantStats */ = {
			isa = PBXNativeTarget;
			buildConfigurationList = 3679517128C50C8600AD6CBD /* Build configuration list for PBXNativeTarget "ValorantStats" */;
			buildPhases = (
				3679515928C50C8400AD6CBD /* Sources */,
				3679515A28C50C8400AD6CBD /* Frameworks */,
				3679515B28C50C8400AD6CBD /* Resources */,
			);
			buildRules = (
			);
			dependencies = (
			);
			name = ValorantStats;
			productName = ValorantStats;
			productReference = 3679515D28C50C8400AD6CBD /* ValorantStats.app */;
			productType = "com.apple.product-type.application";
		};
/* End PBXNativeTarget section */

/* Begin PBXProject section */
		3679515528C50C8400AD6CBD /* Project object */ = {
			isa = PBXProject;
			attributes = {
				BuildIndependentTargetsInParallel = 1;
				LastSwiftUpdateCheck = 1320;
				LastUpgradeCheck = 1320;
				TargetAttributes = {
					3679515C28C50C8400AD6CBD = {
						CreatedOnToolsVersion = 13.2.1;
					};
				};
			};
			buildConfigurationList = 3679515828C50C8400AD6CBD /* Build configuration list for PBXProject "ValorantStats" */;
			compatibilityVersion = "Xcode 13.0";
			developmentRegion = en;
			hasScannedForEncodings = 0;
			knownRegions = (
				en,
				Base,
			);
			mainGroup = 3679515428C50C8400AD6CBD;
			productRefGroup = 3679515E28C50C8400AD6CBD /* Products */;
			projectDirPath = "";
			projectRoot = "";
			targets = (
				3679515C28C50C8400AD6CBD /* ValorantStats */,
			);
		};
/* End PBXProject section */

/* Begin PBXResourcesBuildPhase section */
		3679515B28C50C8400AD6CBD /* Resources */ = {
			isa = PBXResourcesBuildPhase;
			buildActionMask = 2147483647;
			files = (
				3679516D28C50C8600AD6CBD /* LaunchScreen.storyboard in Resources */,
				3679516A28C50C8600AD6CBD /* Assets.xcassets in Resources */,
				3679516828C50C8400AD6CBD /* Main.storyboard in Resources */,
			);
			runOnlyForDeploymentPostprocessing = 0;
		};
/* End PBXResourcesBuildPhase section */

/* Begin PBXSourcesBuildPhase section */
		3679515928C50C8400AD6CBD /* Sources */ = {
			isa = PBXSourcesBuildPhase;
			buildActionMask = 2147483647;
			files = (
				3679516528C50C8400AD6CBD /* ViewController.swift in Sources */,
				3679518228C5133B00AD6CBD /* LoadingScreenInteractor.swift in Sources */,
				3679518428C515C500AD6CBD /* ApplicationDeps.swift in Sources */,
				3679516128C50C8400AD6CBD /* AppDelegate.swift in Sources */,
				3679517C28C50E7B00AD6CBD /* CommonViewController.swift in Sources */,
				3679516328C50C8400AD6CBD /* SceneDelegate.swift in Sources */,
				3679517828C50E3700AD6CBD /* LoadingScreenViewController.swift in Sources */,
				0488511E28C644930005F477 /* BaseRouter.swift in Sources */,
				3679517E28C5108C00AD6CBD /* LoadingScreenViewModel.swift in Sources */,
				3679518028C510A500AD6CBD /* CommonViewModel.swift in Sources */,
			);
			runOnlyForDeploymentPostprocessing = 0;
		};
/* End PBXSourcesBuildPhase section */

/* Begin PBXVariantGroup section */
		3679516628C50C8400AD6CBD /* Main.storyboard */ = {
			isa = PBXVariantGroup;
			children = (
				3679516728C50C8400AD6CBD /* Base */,
			);
			name = Main.storyboard;
			sourceTree = "<group>";
		};
		3679516B28C50C8600AD6CBD /* LaunchScreen.storyboard */ = {
			isa = PBXVariantGroup;
			children = (
				3679516C28C50C8600AD6CBD /* Base */,
			);
			name = LaunchScreen.storyboard;
			sourceTree = "<group>";
		};
/* End PBXVariantGroup section */

/* Begin XCBuildConfiguration section */
		3679516F28C50C8600AD6CBD /* Debug */ = {
			isa = XCBuildConfiguration;
			buildSettings = {
				ALWAYS_SEARCH_USER_PATHS = NO;
				CLANG_ANALYZER_NONNULL = YES;
				CLANG_ANALYZER_NUMBER_OBJECT_CONVERSION = YES_AGGRESSIVE;
				CLANG_CXX_LANGUAGE_STANDARD = "gnu++17";
				CLANG_CXX_LIBRARY = "libc++";
				CLANG_ENABLE_MODULES = YES;
				CLANG_ENABLE_OBJC_ARC = YES;
				CLANG_ENABLE_OBJC_WEAK = YES;
				CLANG_WARN_BLOCK_CAPTURE_AUTORELEASING = YES;
				CLANG_WARN_BOOL_CONVERSION = YES;
				CLANG_WARN_COMMA = YES;
				CLANG_WARN_CONSTANT_CONVERSION = YES;
				CLANG_WARN_DEPRECATED_OBJC_IMPLEMENTATIONS = YES;
				CLANG_WARN_DIRECT_OBJC_ISA_USAGE = YES_ERROR;
				CLANG_WARN_DOCUMENTATION_COMMENTS = YES;
				CLANG_WARN_EMPTY_BODY = YES;
				CLANG_WARN_ENUM_CONVERSION = YES;
				CLANG_WARN_INFINITE_RECURSION = YES;
				CLANG_WARN_INT_CONVERSION = YES;
				CLANG_WARN_NON_LITERAL_NULL_CONVERSION = YES;
				CLANG_WARN_OBJC_IMPLICIT_RETAIN_SELF = YES;
				CLANG_WARN_OBJC_LITERAL_CONVERSION = YES;
				CLANG_WARN_OBJC_ROOT_CLASS = YES_ERROR;
				CLANG_WARN_QUOTED_INCLUDE_IN_FRAMEWORK_HEADER = YES;
				CLANG_WARN_RANGE_LOOP_ANALYSIS = YES;
				CLANG_WARN_STRICT_PROTOTYPES = YES;
				CLANG_WARN_SUSPICIOUS_MOVE = YES;
				CLANG_WARN_UNGUARDED_AVAILABILITY = YES_AGGRESSIVE;
				CLANG_WARN_UNREACHABLE_CODE = YES;
				CLANG_WARN__DUPLICATE_METHOD_MATCH = YES;
				COPY_PHASE_STRIP = NO;
				DEBUG_INFORMATION_FORMAT = dwarf;
				ENABLE_STRICT_OBJC_MSGSEND = YES;
				ENABLE_TESTABILITY = YES;
				GCC_C_LANGUAGE_STANDARD = gnu11;
				GCC_DYNAMIC_NO_PIC = NO;
				GCC_NO_COMMON_BLOCKS = YES;
				GCC_OPTIMIZATION_LEVEL = 0;
				GCC_PREPROCESSOR_DEFINITIONS = (
					"DEBUG=1",
					"$(inherited)",
				);
				GCC_WARN_64_TO_32_BIT_CONVERSION = YES;
				GCC_WARN_ABOUT_RETURN_TYPE = YES_ERROR;
				GCC_WARN_UNDECLARED_SELECTOR = YES;
				GCC_WARN_UNINITIALIZED_AUTOS = YES_AGGRESSIVE;
				GCC_WARN_UNUSED_FUNCTION = YES;
				GCC_WARN_UNUSED_VARIABLE = YES;
				IPHONEOS_DEPLOYMENT_TARGET = 15.2;
				MTL_ENABLE_DEBUG_INFO = INCLUDE_SOURCE;
				MTL_FAST_MATH = YES;
				ONLY_ACTIVE_ARCH = YES;
				SDKROOT = iphoneos;
				SWIFT_ACTIVE_COMPILATION_CONDITIONS = DEBUG;
				SWIFT_OPTIMIZATION_LEVEL = "-Onone";
			};
			name = Debug;
		};
		3679517028C50C8600AD6CBD /* Release */ = {
			isa = XCBuildConfiguration;
			buildSettings = {
				ALWAYS_SEARCH_USER_PATHS = NO;
				CLANG_ANALYZER_NONNULL = YES;
				CLANG_ANALYZER_NUMBER_OBJECT_CONVERSION = YES_AGGRESSIVE;
				CLANG_CXX_LANGUAGE_STANDARD = "gnu++17";
				CLANG_CXX_LIBRARY = "libc++";
				CLANG_ENABLE_MODULES = YES;
				CLANG_ENABLE_OBJC_ARC = YES;
				CLANG_ENABLE_OBJC_WEAK = YES;
				CLANG_WARN_BLOCK_CAPTURE_AUTORELEASING = YES;
				CLANG_WARN_BOOL_CONVERSION = YES;
				CLANG_WARN_COMMA = YES;
				CLANG_WARN_CONSTANT_CONVERSION = YES;
				CLANG_WARN_DEPRECATED_OBJC_IMPLEMENTATIONS = YES;
				CLANG_WARN_DIRECT_OBJC_ISA_USAGE = YES_ERROR;
				CLANG_WARN_DOCUMENTATION_COMMENTS = YES;
				CLANG_WARN_EMPTY_BODY = YES;
				CLANG_WARN_ENUM_CONVERSION = YES;
				CLANG_WARN_INFINITE_RECURSION = YES;
				CLANG_WARN_INT_CONVERSION = YES;
				CLANG_WARN_NON_LITERAL_NULL_CONVERSION = YES;
				CLANG_WARN_OBJC_IMPLICIT_RETAIN_SELF = YES;
				CLANG_WARN_OBJC_LITERAL_CONVERSION = YES;
				CLANG_WARN_OBJC_ROOT_CLASS = YES_ERROR;
				CLANG_WARN_QUOTED_INCLUDE_IN_FRAMEWORK_HEADER = YES;
				CLANG_WARN_RANGE_LOOP_ANALYSIS = YES;
				CLANG_WARN_STRICT_PROTOTYPES = YES;
				CLANG_WARN_SUSPICIOUS_MOVE = YES;
				CLANG_WARN_UNGUARDED_AVAILABILITY = YES_AGGRESSIVE;
				CLANG_WARN_UNREACHABLE_CODE = YES;
				CLANG_WARN__DUPLICATE_METHOD_MATCH = YES;
				COPY_PHASE_STRIP = NO;
				DEBUG_INFORMATION_FORMAT = "dwarf-with-dsym";
				ENABLE_NS_ASSERTIONS = NO;
				ENABLE_STRICT_OBJC_MSGSEND = YES;
				GCC_C_LANGUAGE_STANDARD = gnu11;
				GCC_NO_COMMON_BLOCKS = YES;
				GCC_WARN_64_TO_32_BIT_CONVERSION = YES;
				GCC_WARN_ABOUT_RETURN_TYPE = YES_ERROR;
				GCC_WARN_UNDECLARED_SELECTOR = YES;
				GCC_WARN_UNINITIALIZED_AUTOS = YES_AGGRESSIVE;
				GCC_WARN_UNUSED_FUNCTION = YES;
				GCC_WARN_UNUSED_VARIABLE = YES;
				IPHONEOS_DEPLOYMENT_TARGET = 15.2;
				MTL_ENABLE_DEBUG_INFO = NO;
				MTL_FAST_MATH = YES;
				SDKROOT = iphoneos;
				SWIFT_COMPILATION_MODE = wholemodule;
				SWIFT_OPTIMIZATION_LEVEL = "-O";
				VALIDATE_PRODUCT = YES;
			};
			name = Release;
		};
		3679517228C50C8600AD6CBD /* Debug */ = {
			isa = XCBuildConfiguration;
			buildSettings = {
				ASSETCATALOG_COMPILER_APPICON_NAME = AppIcon;
				ASSETCATALOG_COMPILER_GLOBAL_ACCENT_COLOR_NAME = AccentColor;
				CODE_SIGN_STYLE = Automatic;
				CURRENT_PROJECT_VERSION = 1;
				DEVELOPMENT_TEAM = ZLUJB55ZNH;
				GENERATE_INFOPLIST_FILE = YES;
				INFOPLIST_FILE = ValorantStats/Info.plist;
				INFOPLIST_KEY_UIApplicationSupportsIndirectInputEvents = YES;
				INFOPLIST_KEY_UILaunchStoryboardName = LaunchScreen;
				INFOPLIST_KEY_UIMainStoryboardFile = Main;
				INFOPLIST_KEY_UISupportedInterfaceOrientations_iPad = "UIInterfaceOrientationPortrait UIInterfaceOrientationPortraitUpsideDown UIInterfaceOrientationLandscapeLeft UIInterfaceOrientationLandscapeRight";
				INFOPLIST_KEY_UISupportedInterfaceOrientations_iPhone = "UIInterfaceOrientationPortrait UIInterfaceOrientationLandscapeLeft UIInterfaceOrientationLandscapeRight";
				LD_RUNPATH_SEARCH_PATHS = (
					"$(inherited)",
					"@executable_path/Frameworks",
				);
				MARKETING_VERSION = 1.0;
				PRODUCT_BUNDLE_IDENTIFIER = ru.mpexe.ValorantStats;
				PRODUCT_NAME = "$(TARGET_NAME)";
				SWIFT_EMIT_LOC_STRINGS = YES;
				SWIFT_VERSION = 5.0;
				TARGETED_DEVICE_FAMILY = "1,2";
			};
			name = Debug;
		};
		3679517328C50C8600AD6CBD /* Release */ = {
			isa = XCBuildConfiguration;
			buildSettings = {
				ASSETCATALOG_COMPILER_APPICON_NAME = AppIcon;
				ASSETCATALOG_COMPILER_GLOBAL_ACCENT_COLOR_NAME = AccentColor;
				CODE_SIGN_STYLE = Automatic;
				CURRENT_PROJECT_VERSION = 1;
				DEVELOPMENT_TEAM = ZLUJB55ZNH;
				GENERATE_INFOPLIST_FILE = YES;
				INFOPLIST_FILE = ValorantStats/Info.plist;
				INFOPLIST_KEY_UIApplicationSupportsIndirectInputEvents = YES;
				INFOPLIST_KEY_UILaunchStoryboardName = LaunchScreen;
				INFOPLIST_KEY_UIMainStoryboardFile = Main;
				INFOPLIST_KEY_UISupportedInterfaceOrientations_iPad = "UIInterfaceOrientationPortrait UIInterfaceOrientationPortraitUpsideDown UIInterfaceOrientationLandscapeLeft UIInterfaceOrientationLandscapeRight";
				INFOPLIST_KEY_UISupportedInterfaceOrientations_iPhone = "UIInterfaceOrientationPortrait UIInterfaceOrientationLandscapeLeft UIInterfaceOrientationLandscapeRight";
				LD_RUNPATH_SEARCH_PATHS = (
					"$(inherited)",
					"@executable_path/Frameworks",
				);
				MARKETING_VERSION = 1.0;
				PRODUCT_BUNDLE_IDENTIFIER = ru.mpexe.ValorantStats;
				PRODUCT_NAME = "$(TARGET_NAME)";
				SWIFT_EMIT_LOC_STRINGS = YES;
				SWIFT_VERSION = 5.0;
				TARGETED_DEVICE_FAMILY = "1,2";
			};
			name = Release;
		};
/* End XCBuildConfiguration section */

/* Begin XCConfigurationList section */
		3679515828C50C8400AD6CBD /* Build configuration list for PBXProject "ValorantStats" */ = {
			isa = XCConfigurationList;
			buildConfigurations = (
				3679516F28C50C8600AD6CBD /* Debug */,
				3679517028C50C8600AD6CBD /* Release */,
			);
			defaultConfigurationIsVisible = 0;
			defaultConfigurationName = Release;
		};
		3679517128C50C8600AD6CBD /* Build configuration list for PBXNativeTarget "ValorantStats" */ = {
			isa = XCConfigurationList;
			buildConfigurations = (
				3679517228C50C8600AD6CBD /* Debug */,
				3679517328C50C8600AD6CBD /* Release */,
			);
			defaultConfigurationIsVisible = 0;
			defaultConfigurationName = Release;
		};
/* End XCConfigurationList section */
	};
	rootObject = 3679515528C50C8400AD6CBD /* Project object */;
}
